{
  "name": "motionflow-commit-translator",
  "lockfileVersion": 3,
  "requires": true,
  "packages": {
    "": {
      "name": "motionflow-commit-translator",
      "dependencies": {
        "@cursor/sdk": "1.0.37",
        "node": "22.23.3"
      }
    },
    "node_modules/@bufbuild/protobuf": {
      "version": "1.10.0",
      "resolved": "https://registry.npmjs.org/@bufbuild/protobuf/-/protobuf-1.10.0.tgz",
      "integrity": "sha512-QDdVFLoN93Zjg36NoQPZfsVH9tZew7wKDKyV5qRdj8ntT4wQCOradQjRaTdwMhWUYsgKsvCINKKm87FdEk96Ag==",
      "license": "(Apache-2.0 AND BSD-3-Clause)"
    },
    "node_modules/@connectrpc/connect": {
      "version": "1.7.0",
      "resolved": "https://registry.npmjs.org/@connectrpc/connect/-/connect-1.7.0.tgz",
      "integrity": "sha512-iNKdJRi69YP3mq6AePRT8F/HrxWCewrhxnLMNm0vpqXAR8biwzRtO6Hjx80C6UvtKJ5sFmffQT7I4Baecz389w==",
      "license": "Apache-2.0",
      "peerDependencies": {
        "@bufbuild/protobuf": "^1.10.0"
      }
    },
    "node_modules/@connectrpc/connect-web": {
      "version": "1.7.0",
      "resolved": "https://registry.npmjs.org/@connectrpc/connect-web/-/connect-web-1.7.0.tgz",
      "integrity": "sha512-qyP0YOnUPRWwCc/VfsoydMJvkb7EyUPr2q9sHgBuJzbADjiqck1gKH5V5ZPzPhTLBvmz5UvG+wiZ5sMRQHU1MQ==",
      "license": "Apache-2.0",
      "peerDependencies": {
        "@bufbuild/protobuf": "^1.10.0",
        "@connectrpc/connect": "1.7.0"
      }
    },
    "node_modules/@cursor/sdk": {
      "version": "1.0.37",
      "resolved": "https://registry.npmjs.org/@cursor/sdk/-/sdk-1.0.37.tgz",
      "integrity": "sha512-MWKMeqtkCOHOOi8uZqI7CYeUtOwwdWke1B4GEllERIGMsoKuxbk++tP/KzOXXxtOD9EUD1z3AQL6os6m3M1gIw==",
      "license": "SEE LICENSE IN LICENSE.md",
      "dependencies": {
        "@bufbuild/protobuf": "1.10.0",
        "@connectrpc/connect": "^1.6.1",
        "@connectrpc/connect-web": "^1.6.1",
        "@statsig/js-client": "3.31.0",
        "zod": "^3.25.0"
      },
      "engines": {
        "node": ">=22.13"
      },
      "optionalDependencies": {
        "@cursor/sdk-darwin-arm64": "1.0.37",
        "@cursor/sdk-darwin-x64": "1.0.37",
        "@cursor/sdk-linux-arm64": "1.0.37",
        "@cursor/sdk-linux-x64": "1.0.37",
        "@cursor/sdk-win32-x64": "1.0.37"
      }
    },
    "node_modules/@cursor/sdk-darwin-arm64": {
      "version": "1.0.37",
      "resolved": "https://registry.npmjs.org/@cursor/sdk-darwin-arm64/-/sdk-darwin-arm64-1.0.37.tgz",
      "integrity": "sha512-VlIlLlt23bPmagSaetELwDho3E0GGwSMPEtaUqzweG14XVypHEWCBTaMOVxU2MV/vmgp0EpyA/T4WXIfSGpp9g==",
      "cpu": [
        "arm64"
      ],
      "license": "SEE LICENSE IN LICENSE.md",
      "optional": true,
      "os": [
        "darwin"
      ],
      "bin": {
        "rg": "bin/rg"
      }
    },
    "node_modules/@cursor/sdk-darwin-x64": {
      "version": "1.0.37",
      "resolved": "https://registry.npmjs.org/@cursor/sdk-darwin-x64/-/sdk-darwin-x64-1.0.37.tgz",
      "integrity": "sha512-yK8UoU2HJ1Q8gQyoluffwpcRjaFoK61MkpwyAHaBhWPp0vHKFVeUawdp1R81HrHvwwUqYvXIPaKXa+XG3CDVcQ==",
      "cpu": [
        "x64"
      ],
      "license": "SEE LICENSE IN LICENSE.md",
      "optional": true,
      "os": [
        "darwin"
      ],
      "bin": {
        "rg": "bin/rg"
      }
    },
    "node_modules/@cursor/sdk-linux-arm64": {
      "version": "1.0.37",
      "resolved": "https://registry.npmjs.org/@cursor/sdk-linux-arm64/-/sdk-linux-arm64-1.0.37.tgz",
      "integrity": "sha512-rQzazu/FYibgMFtPp/oUyTYgKiTj43Moo0/dRs7wDn6qC8dUHzjuuyU/v/zUatllgOxgD+1hUjh3+VHdxeslKg==",
      "cpu": [
        "arm64"
      ],
      "license": "SEE LICENSE IN LICENSE.md",
      "optional": true,
      "os": [
        "linux"
      ],
      "bin": {
        "rg": "bin/rg"
      }
    },
    "node_modules/@cursor/sdk-linux-x64": {
      "version": "1.0.37",
      "resolved": "https://registry.npmjs.org/@cursor/sdk-linux-x64/-/sdk-linux-x64-1.0.37.tgz",
      "integrity": "sha512-aSPPiD1Dh0ijSEJao+6lXIvuHC/asFSKQUSqKigcy2cXJLVDpHDAvbCfK3FS/OFlEFXBw5H6mxpe8G/GUj/0Ow==",
      "cpu": [
        "x64"
      ],
      "license": "SEE LICENSE IN LICENSE.md",
      "optional": true,
      "os": [
        "linux"
      ],
      "bin": {
        "rg": "bin/rg"
      }
    },
    "node_modules/@cursor/sdk-win32-x64": {
      "version": "1.0.37",
      "resolved": "https://registry.npmjs.org/@cursor/sdk-win32-x64/-/sdk-win32-x64-1.0.37.tgz",
      "integrity": "sha512-94EKqfisz9mBWMdF1b9S6qu1NcTd0UYO4DdlhL4sPAU1QoIGLP7K7Fp5VI1MEKniYynu5JMZ7oBZFNq1p50oCg==",
      "cpu": [
        "x64"
      ],
      "license": "SEE LICENSE IN LICENSE.md",
      "optional": true,
      "os": [
        "win32"
      ],
      "bin": {
        "rg": "bin/rg.exe"
      }
    },
    "node_modules/@statsig/client-core": {
      "version": "3.31.0",
      "resolved": "https://registry.npmjs.org/@statsig/client-core/-/client-core-3.31.0.tgz",
      "integrity": "sha512-SuxQD6TmVszPG7FoMKwTk/uyBuVFk7XnxI3T/E0uyb7PL7GNjONtfsoh+NqBBVUJVse0CUeSFfgJPoZy1ZOslQ==",
      "license": "ISC"
    },
    "node_modules/@statsig/js-client": {
      "version": "3.31.0",
      "resolved": "https://registry.npmjs.org/@statsig/js-client/-/js-client-3.31.0.tgz",
      "integrity": "sha512-LFa5E0LjT6sTfZv3sNGoyRLSZ1078+agdgOA+Vm1ecjG+KbSOfBLTW7hMwimrJ29slRwbYDzbtKaPJo/R37N2g==",
      "license": "ISC",
      "dependencies": {
        "@statsig/client-core": "3.31.0"
      }
    },
    "node_modules/node": {
      "version": "22.23.3",
      "resolved": "https://registry.npmjs.org/node/-/node-22.23.3.tgz",
      "integrity": "sha512-DefCzy9Twv55AA4RQcOnUd6iQtqmnsJ6twWGasZ33F7BKJEMUJ1KVoumiVSRRNVRHKhBtsoPTvNKMxsE1TG0+Q==",
      "hasInstallScript": true,
      "license": "MIT",
      "dependencies": {
        "node-bin-setup": "^1.0.0"
      },
      "bin": {
        "node": "bin/node"
      },
      "engines": {
        "npm": ">=5.0.0"
      }
    },
    "node_modules/node-bin-setup": {
      "version": "1.1.4",
      "resolved": "https://registry.npmjs.org/node-bin-setup/-/node-bin-setup-1.1.4.tgz",
      "integrity": "sha512-vWNHOne0ZUavArqPP5LJta50+S8R261Fr5SvGul37HbEDcowvLjwdvd0ZeSr0r2lTSrPxl6okq9QUw8BFGiAxA==",
      "license": "ISC"
    },
    "node_modules/zod": {
      "version": "3.25.76",
      "resolved": "https://registry.npmjs.org/zod/-/zod-3.25.76.tgz",
      "integrity": "sha512-gzUt/qt81nXsFGKIFcC3YnfEAx5NkunCfnDlvuBSSFS02bcXu4Lmea0AFIUwbLWxWPx3d9p8S5QoaujKcNQxcQ==",
      "license": "MIT",
      "funding": {
        "url": "https://github.com/sponsors/colinhacks"
      }
    }
  }
}
